
Microsoft Visual Studio Solution File, Format Version 12.00
# Visual Studio Version 16
VisualStudioVersion = 16.0.29911.84
MinimumVisualStudioVersion = 10.0.40219.1
Project("{FAE04EC0-301F-11D3-BF4B-00C04F79EFBC}") = "kolos 2 cw", "kolos 2 cw\kolos 2 cw.csproj", "{62581186-311D-4129-B38D-AB39F0F81835}"
EndProject
Global
	GlobalSection(SolutionConfigurationPlatforms) = preSolution
		Debug|Any CPU = Debug|Any CPU
		Release|Any CPU = Release|Any CPU
	EndGlobalSection
	GlobalSection(ProjectConfigurationPlatforms) = postSolution
		{62581186-311D-4129-B38D-AB39F0F81835}.Debug|Any CPU.ActiveCfg = Debug|Any CPU
		{62581186-311D-4129-B38D-AB39F0F81835}.Debug|Any CPU.Build.0 = Debug|Any CPU
		{62581186-311D-4129-B38D-AB39F0F81835}.Release|Any CPU.ActiveCfg = Release|Any CPU
		{62581186-311D-4129-B38D-AB39F0F81835}.Release|Any CPU.Build.0 = Release|Any CPU
	EndGlobalSection
	GlobalSection(SolutionProperties) = preSolution
		HideSolutionNode = FALSE
	EndGlobalSection
	GlobalSection(ExtensibilityGlobals) = postSolution
		SolutionGuid = {047B5A77-B63A-4924-A21D-F53816D85811}
	EndGlobalSection
EndGlobal
